PODS:
  - Alamofire (4.9.0)
  - BringgDriverSDK (1.13.0):
    - Alamofire (= 4.9.0)
    - CryptoSwift (= 1.0.0)
    - DeviceKit (= 3.2.0)
    - GzipSwift (= 5.0.0)
    - KeychainAccess (= 3.2.0)
    - Kingfisher (= 5.7.1)
    - libPhoneNumber-iOS (= 0.9.15)
    - ObjcExceptionBridging (= 1.0.1)
    - RealmSwift (= 4.4.1)
    - Socket.IO-Client-Swift (= 15.1.0)
    - Starscream (= 3.1.0)
    - XCGLogger (= 7.0.0)
  - BringgDriverSDKObjc (1.13.0):
    - BringgDriverSDK (= 1.13.0)
  - CocoaLumberjack/Core (3.6.0)
  - CocoaLumberjack/Swift (3.6.0):
    - CocoaLumberjack/Core
  - CryptoSwift (1.0.0)
  - DeviceKit (3.2.0)
  - FSPagerView (0.8.3)
  - GzipSwift (5.0.0)
  - KeychainAccess (3.2.0)
  - Kingfisher (5.7.1)
  - libPhoneNumber-iOS (0.9.15)
  - ObjcExceptionBridging (1.0.1):
    - ObjcExceptionBridging/ObjcExceptionBridging (= 1.0.1)
  - ObjcExceptionBridging/ObjcExceptionBridging (1.0.1)
  - PhoneNumberKit (3.3.1):
    - PhoneNumberKit/PhoneNumberKitCore (= 3.3.1)
    - PhoneNumberKit/UIKit (= 3.3.1)
  - PhoneNumberKit/PhoneNumberKitCore (3.3.1)
  - PhoneNumberKit/UIKit (3.3.1):
    - PhoneNumberKit/PhoneNumberKitCore
  - Realm (4.4.1):
    - Realm/Headers (= 4.4.1)
  - Realm/Headers (4.4.1)
  - RealmSwift (4.4.1):
    - Realm (= 4.4.1)
  - SnapKit (5.0.1)
  - Socket.IO-Client-Swift (15.1.0):
    - Starscream (~> 3.1)
  - Starscream (3.1.0)
  - XCGLogger (7.0.0):
    - XCGLogger/Core (= 7.0.0)
  - XCGLogger/Core (7.0.0):
    - ObjcExceptionBridging

DEPENDENCIES:
  - BringgDriverSDK (from `../`)
  - BringgDriverSDKObjc (from `../`)
  - CocoaLumberjack/Swift (= 3.6.0)
  - FSPagerView
  - PhoneNumberKit
  - SnapKit
  - Starscream (from `https://github.com/bringg/Starscream`, branch `feature/data_usage_feature_swift_5`)

SPEC REPOS:
  https://github.com/CocoaPods/Specs.git:
    - PhoneNumberKit
  trunk:
    - Alamofire
    - CocoaLumberjack
    - CryptoSwift
    - DeviceKit
    - FSPagerView
    - GzipSwift
    - KeychainAccess
    - Kingfisher
    - libPhoneNumber-iOS
    - ObjcExceptionBridging
    - Realm
    - RealmSwift
    - SnapKit
    - Socket.IO-Client-Swift
    - XCGLogger

EXTERNAL SOURCES:
  BringgDriverSDK:
    :path: "../"
  BringgDriverSDKObjc:
    :path: "../"
  Starscream:
    :branch: feature/data_usage_feature_swift_5
    :git: https://github.com/bringg/Starscream

CHECKOUT OPTIONS:
  Starscream:
    :commit: 2646d2837c60c63cc4ea97f7eb5197d81450a686
    :git: https://github.com/bringg/Starscream

SPEC CHECKSUMS:
  Alamofire: afc3e7c6db61476cb45cdd23fed06bad03bbc321
  BringgDriverSDK: 2fffb56b8b65d50bbf0bb653e43c787366553a5e
  BringgDriverSDKObjc: 21cd365333a7433938f9a95aca38fc8cf9fcc801
  CocoaLumberjack: 78b0c238666f4f58db069738ec176f4519557516
  CryptoSwift: d81eeaa59dc5a8d03720fe919a6fd07b51f7439f
  DeviceKit: d081659419cce07c0b5239dbc9fb39ed7413c7fe
  FSPagerView: 670405b2f18e2a87fa37f20b00de783e562c25a8
  GzipSwift: 5592f4d62b641e04d06443ba471f8ed76b1363e4
  KeychainAccess: 3b1bf8a77eb4c6ea1ce9404c292e48f948954c6b
  Kingfisher: 176d377ad339113c99ad4980cbae687f807e20fe
  libPhoneNumber-iOS: 0a32a9525cf8744fe02c5206eb30d571e38f7d75
  ObjcExceptionBridging: c30e00eb3700467e695faeea30e26e18bd445001
  PhoneNumberKit: ff153d5e299f6da566cb73c6aa71e354933b2932
  Realm: 4eb04d7487bd43c0581256f40b424eafb711deff
  RealmSwift: 3eb8924ff7100df5928c7602f71d0fec51e7c9c5
  SnapKit: 97b92857e3df3a0c71833cce143274bf6ef8e5eb
  Socket.IO-Client-Swift: 7cb44c0ffb86e158cee32d0642d30ec5fdcf8f61
  Starscream: 5cbf3d36bf5af6906d1362bba4ce326bb011d4cc
  XCGLogger: 0434f15e3909cdc450bb63faf638b8792ab782ab

PODFILE CHECKSUM: 37ea74ed50c0b3d43e26b3adea05564862083f9a

COCOAPODS: 1.10.0.rc.1
