// !$*UTF8*$!
{
	archiveVersion = 1;
	classes = {
	};
	objectVersion = 51;
	objects = {

/* Begin PBXBuildFile section */
		1869355CA80E13DA9C28A79F /* ShiftViewController.swift in Sources */ = {isa = PBXBuildFile; fileRef = AD6504300928E38FEFC91958 /* ShiftViewController.swift */; };
		1A2BC14CEF97570E6525EE18 /* WaypointPageCell.swift in Sources */ = {isa = PBXBuildFile; fileRef = B0B5694B5DD6380EE8EA584D /* WaypointPageCell.swift */; };
		314826436282648F8E03FBC6 /* Images.xcassets in Resources */ = {isa = PBXBuildFile; fileRef = 23FA516A4AC5AE1E76FA5C36 /* Images.xcassets */; };
		454FB4F5C569D2855FF44DA6 /* ProfileViewController.swift in Sources */ = {isa = PBXBuildFile; fileRef = F980F5D4CDCBCD2987EB770A /* ProfileViewController.swift */; };
		4EA3DB446380C21648C3D16C /* AppDelegate.swift in Sources */ = {isa = PBXBuildFile; fileRef = B6187D858D3DCC6EF4FD1C50 /* AppDelegate.swift */; };
		4F4D319DF1AF735EE2DA2883 /* TaskViewController.swift in Sources */ = {isa = PBXBuildFile; fileRef = 6BB36E992A52812C1C300583 /* TaskViewController.swift */; };
		54692565210EBAC8C78C3DB1 /* Pods_BringgDriverSDKExample.framework in Frameworks */ = {isa = PBXBuildFile; fileRef = B6A6ADF2AE1EB11901493650 /* Pods_BringgDriverSDKExample.framework */; };
		6A488C6856B5BEA46263327E /* TaskListViewController.swift in Sources */ = {isa = PBXBuildFile; fileRef = 7ABCA4A015C58CB8DB11DBAD /* TaskListViewController.swift */; };
		9B827E239E729C44BEF79448 /* Logger.swift in Sources */ = {isa = PBXBuildFile; fileRef = 17790DF2448D80CDF26C9D26 /* Logger.swift */; };
		AAC8577A4D7D8D60B3C68A74 /* LoginManagerObjcUsageExamples.m in Sources */ = {isa = PBXBuildFile; fileRef = 11304279BD31C3A4D8A41462 /* LoginManagerObjcUsageExamples.m */; };
		CD0F4AC49F6E82D74AF6E371 /* UIViewController+Utils.swift in Sources */ = {isa = PBXBuildFile; fileRef = B8C10D2066BE62CD736A7835 /* UIViewController+Utils.swift */; };
		D5424EBE54D73FEF4D77F441 /* InventoryViewController.swift in Sources */ = {isa = PBXBuildFile; fileRef = 5347E4EDC33E6DBB56431114 /* InventoryViewController.swift */; };
		EB913494B426CD075458E5FE /* MainTabViewController.swift in Sources */ = {isa = PBXBuildFile; fileRef = 3975C84FA865DA4B42926E3A /* MainTabViewController.swift */; };
		ED944E85B9609BAA3ED8C19A /* LaunchScreen.xib in Resources */ = {isa = PBXBuildFile; fileRef = BC1787D7CBDC6AF6443DA045 /* LaunchScreen.xib */; };
		F7DBC65DC1E6C32B2D7C6139 /* NotLoggedInView.swift in Sources */ = {isa = PBXBuildFile; fileRef = AF1A5D411B70AFA012809415 /* NotLoggedInView.swift */; };
/* End PBXBuildFile section */

/* Begin PBXFileReference section */
		11304279BD31C3A4D8A41462 /* LoginManagerObjcUsageExamples.m */ = {isa = PBXFileReference; lastKnownFileType = sourcecode.c.objc; path = LoginManagerObjcUsageExamples.m; sourceTree = "<group>"; };
		17790DF2448D80CDF26C9D26 /* Logger.swift */ = {isa = PBXFileReference; lastKnownFileType = sourcecode.swift; path = Logger.swift; sourceTree = "<group>"; };
		23FA516A4AC5AE1E76FA5C36 /* Images.xcassets */ = {isa = PBXFileReference; lastKnownFileType = folder.assetcatalog; path = Images.xcassets; sourceTree = "<group>"; };
		25C9134D5CAF9F6B6A11D1F4 /* Pods-BringgDriverSDKExample.debug.xcconfig */ = {isa = PBXFileReference; includeInIndex = 1; lastKnownFileType = text.xcconfig; name = "Pods-BringgDriverSDKExample.debug.xcconfig"; path = "Target Support Files/Pods-BringgDriverSDKExample/Pods-BringgDriverSDKExample.debug.xcconfig"; sourceTree = "<group>"; };
		3975C84FA865DA4B42926E3A /* MainTabViewController.swift */ = {isa = PBXFileReference; lastKnownFileType = sourcecode.swift; path = MainTabViewController.swift; sourceTree = "<group>"; };
		5347E4EDC33E6DBB56431114 /* InventoryViewController.swift */ = {isa = PBXFileReference; lastKnownFileType = sourcecode.swift; path = InventoryViewController.swift; sourceTree = "<group>"; };
		6BB36E992A52812C1C300583 /* TaskViewController.swift */ = {isa = PBXFileReference; lastKnownFileType = sourcecode.swift; path = TaskViewController.swift; sourceTree = "<group>"; };
		7872F0D2A8BB86B88B5FD684 /* LoginManagerObjcUsageExamples.h */ = {isa = PBXFileReference; lastKnownFileType = sourcecode.c.h; path = LoginManagerObjcUsageExamples.h; sourceTree = "<group>"; };
		7ABCA4A015C58CB8DB11DBAD /* TaskListViewController.swift */ = {isa = PBXFileReference; lastKnownFileType = sourcecode.swift; path = TaskListViewController.swift; sourceTree = "<group>"; };
		8F9112D8FAB785287CD8A134 /* Pods-BringgDriverSDKExample.release.xcconfig */ = {isa = PBXFileReference; includeInIndex = 1; lastKnownFileType = text.xcconfig; name = "Pods-BringgDriverSDKExample.release.xcconfig"; path = "Target Support Files/Pods-BringgDriverSDKExample/Pods-BringgDriverSDKExample.release.xcconfig"; sourceTree = "<group>"; };
		AD6504300928E38FEFC91958 /* ShiftViewController.swift */ = {isa = PBXFileReference; lastKnownFileType = sourcecode.swift; path = ShiftViewController.swift; sourceTree = "<group>"; };
		AF1A5D411B70AFA012809415 /* NotLoggedInView.swift */ = {isa = PBXFileReference; lastKnownFileType = sourcecode.swift; path = NotLoggedInView.swift; sourceTree = "<group>"; };
		B0B5694B5DD6380EE8EA584D /* WaypointPageCell.swift */ = {isa = PBXFileReference; lastKnownFileType = sourcecode.swift; path = WaypointPageCell.swift; sourceTree = "<group>"; };
		B6187D858D3DCC6EF4FD1C50 /* AppDelegate.swift */ = {isa = PBXFileReference; lastKnownFileType = sourcecode.swift; path = AppDelegate.swift; sourceTree = "<group>"; };
		B6A6ADF2AE1EB11901493650 /* Pods_BringgDriverSDKExample.framework */ = {isa = PBXFileReference; explicitFileType = wrapper.framework; includeInIndex = 0; path = Pods_BringgDriverSDKExample.framework; sourceTree = BUILT_PRODUCTS_DIR; };
		B8C10D2066BE62CD736A7835 /* UIViewController+Utils.swift */ = {isa = PBXFileReference; lastKnownFileType = sourcecode.swift; path = "UIViewController+Utils.swift"; sourceTree = "<group>"; };
		D6C8430292E2ABD50499C781 /* Base */ = {isa = PBXFileReference; lastKnownFileType = file.xib; name = Base; path = Base.lproj/LaunchScreen.xib; sourceTree = "<group>"; };
		E48EA4AA2FA330317F299439 /* BringgDriverSDKExample.app */ = {isa = PBXFileReference; includeInIndex = 0; lastKnownFileType = wrapper.application; path = BringgDriverSDKExample.app; sourceTree = BUILT_PRODUCTS_DIR; };
		EDF9FC1B0B8969F91E64B976 /* Info.plist */ = {isa = PBXFileReference; lastKnownFileType = text.plist; path = Info.plist; sourceTree = "<group>"; };
		F980F5D4CDCBCD2987EB770A /* ProfileViewController.swift */ = {isa = PBXFileReference; lastKnownFileType = sourcecode.swift; path = ProfileViewController.swift; sourceTree = "<group>"; };
/* End PBXFileReference section */

/* Begin PBXFrameworksBuildPhase section */
		7EBA69599225B3CF974FA1E9 /* Frameworks */ = {
			isa = PBXFrameworksBuildPhase;
			buildActionMask = 2147483647;
			files = (
				54692565210EBAC8C78C3DB1 /* Pods_BringgDriverSDKExample.framework in Frameworks */,
			);
			runOnlyForDeploymentPostprocessing = 0;
		};
/* End PBXFrameworksBuildPhase section */

/* Begin PBXGroup section */
		0338B27A7F432EB8D47878CB = {
			isa = PBXGroup;
			children = (
				9624321350B045D92656E465 /* Sources */,
				58B779204875B62E033CE9FB /* Products */,
				35312F96ACD5447E248A5819 /* Pods */,
				43A7D2D78DDE8E60C3A1567A /* Frameworks */,
			);
			sourceTree = "<group>";
		};
		2F8179EC73702D4926D84FF3 /* Utils */ = {
			isa = PBXGroup;
			children = (
				17790DF2448D80CDF26C9D26 /* Logger.swift */,
				B8C10D2066BE62CD736A7835 /* UIViewController+Utils.swift */,
			);
			path = Utils;
			sourceTree = "<group>";
		};
		35312F96ACD5447E248A5819 /* Pods */ = {
			isa = PBXGroup;
			children = (
				25C9134D5CAF9F6B6A11D1F4 /* Pods-BringgDriverSDKExample.debug.xcconfig */,
				8F9112D8FAB785287CD8A134 /* Pods-BringgDriverSDKExample.release.xcconfig */,
			);
			name = Pods;
			path = Pods;
			sourceTree = "<group>";
		};
		36EE452708CBDBB770E99075 /* UI */ = {
			isa = PBXGroup;
			children = (
				5347E4EDC33E6DBB56431114 /* InventoryViewController.swift */,
				7872F0D2A8BB86B88B5FD684 /* LoginManagerObjcUsageExamples.h */,
				11304279BD31C3A4D8A41462 /* LoginManagerObjcUsageExamples.m */,
				3975C84FA865DA4B42926E3A /* MainTabViewController.swift */,
				AF1A5D411B70AFA012809415 /* NotLoggedInView.swift */,
				F980F5D4CDCBCD2987EB770A /* ProfileViewController.swift */,
				AD6504300928E38FEFC91958 /* ShiftViewController.swift */,
				7ABCA4A015C58CB8DB11DBAD /* TaskListViewController.swift */,
				6BB36E992A52812C1C300583 /* TaskViewController.swift */,
				B0B5694B5DD6380EE8EA584D /* WaypointPageCell.swift */,
			);
			path = UI;
			sourceTree = "<group>";
		};
		43A7D2D78DDE8E60C3A1567A /* Frameworks */ = {
			isa = PBXGroup;
			children = (
				B6A6ADF2AE1EB11901493650 /* Pods_BringgDriverSDKExample.framework */,
			);
			name = Frameworks;
			sourceTree = "<group>";
		};
		58B779204875B62E033CE9FB /* Products */ = {
			isa = PBXGroup;
			children = (
				E48EA4AA2FA330317F299439 /* BringgDriverSDKExample.app */,
			);
			name = Products;
			sourceTree = "<group>";
		};
		788A49F318CD46645BAE9707 /* Supporting Files */ = {
			isa = PBXGroup;
			children = (
				B6187D858D3DCC6EF4FD1C50 /* AppDelegate.swift */,
				23FA516A4AC5AE1E76FA5C36 /* Images.xcassets */,
				EDF9FC1B0B8969F91E64B976 /* Info.plist */,
				BC1787D7CBDC6AF6443DA045 /* LaunchScreen.xib */,
			);
			path = "Supporting Files";
			sourceTree = "<group>";
		};
		9624321350B045D92656E465 /* Sources */ = {
			isa = PBXGroup;
			children = (
				788A49F318CD46645BAE9707 /* Supporting Files */,
				36EE452708CBDBB770E99075 /* UI */,
				2F8179EC73702D4926D84FF3 /* Utils */,
			);
			path = Sources;
			sourceTree = "<group>";
		};
/* End PBXGroup section */

/* Begin PBXNativeTarget section */
		ACC8CF564FB59EC6F28878A9 /* BringgDriverSDKExample */ = {
			isa = PBXNativeTarget;
			buildConfigurationList = 4744C0CE36061F9A8F229B9F /* Build configuration list for PBXNativeTarget "BringgDriverSDKExample" */;
			buildPhases = (
				106C5C1539144F6E9C20B425 /* [CP] Check Pods Manifest.lock */,
				399B70A42DBFDD3BB7A4E3B9 /* Sources */,
				128F7F2DB216E708F0B1E497 /* Resources */,
				7EBA69599225B3CF974FA1E9 /* Frameworks */,
				1543D393F8403EBDE2DBB94B /* [CP] Embed Pods Frameworks */,
			);
			buildRules = (
			);
			dependencies = (
			);
			name = BringgDriverSDKExample;
			productName = BringgDriverSDKExample;
			productReference = E48EA4AA2FA330317F299439 /* BringgDriverSDKExample.app */;
			productType = "com.apple.product-type.application";
		};
/* End PBXNativeTarget section */

/* Begin PBXProject section */
		ED971CF814F87D37B4A9C552 /* Project object */ = {
			isa = PBXProject;
			attributes = {
				LastUpgradeCheck = 1020;
				TargetAttributes = {
				};
			};
			buildConfigurationList = F07EE4873113577490EBDA13 /* Build configuration list for PBXProject "BringgDriverSDK" */;
			compatibilityVersion = "Xcode 10.0";
			developmentRegion = en;
			hasScannedForEncodings = 0;
			knownRegions = (
				Base,
			);
			mainGroup = 0338B27A7F432EB8D47878CB;
			productRefGroup = 58B779204875B62E033CE9FB /* Products */;
			projectDirPath = "";
			projectRoot = "";
			targets = (
				ACC8CF564FB59EC6F28878A9 /* BringgDriverSDKExample */,
			);
		};
/* End PBXProject section */

/* Begin PBXResourcesBuildPhase section */
		128F7F2DB216E708F0B1E497 /* Resources */ = {
			isa = PBXResourcesBuildPhase;
			buildActionMask = 2147483647;
			files = (
				314826436282648F8E03FBC6 /* Images.xcassets in Resources */,
				ED944E85B9609BAA3ED8C19A /* LaunchScreen.xib in Resources */,
			);
			runOnlyForDeploymentPostprocessing = 0;
		};
/* End PBXResourcesBuildPhase section */

/* Begin PBXShellScriptBuildPhase section */
		106C5C1539144F6E9C20B425 /* [CP] Check Pods Manifest.lock */ = {
			isa = PBXShellScriptBuildPhase;
			buildActionMask = 2147483647;
			files = (
			);
			inputFileListPaths = (
			);
			inputPaths = (
				"${PODS_PODFILE_DIR_PATH}/Podfile.lock",
				"${PODS_ROOT}/Manifest.lock",
			);
			name = "[CP] Check Pods Manifest.lock";
			outputFileListPaths = (
			);
			outputPaths = (
				"$(DERIVED_FILE_DIR)/Pods-BringgDriverSDKExample-checkManifestLockResult.txt",
			);
			runOnlyForDeploymentPostprocessing = 0;
			shellPath = /bin/sh;
			shellScript = "diff \"${PODS_PODFILE_DIR_PATH}/Podfile.lock\" \"${PODS_ROOT}/Manifest.lock\" > /dev/null\nif [ $? != 0 ] ; then\n    # print error to STDERR\n    echo \"error: The sandbox is not in sync with the Podfile.lock. Run 'pod install' or update your CocoaPods installation.\" >&2\n    exit 1\nfi\n# This output is used by Xcode 'outputs' to avoid re-running this script phase.\necho \"SUCCESS\" > \"${SCRIPT_OUTPUT_FILE_0}\"\n";
			showEnvVarsInLog = 0;
		};
		1543D393F8403EBDE2DBB94B /* [CP] Embed Pods Frameworks */ = {
			isa = PBXShellScriptBuildPhase;
			buildActionMask = 2147483647;
			files = (
			);
			inputFileListPaths = (
				"${PODS_ROOT}/Target Support Files/Pods-BringgDriverSDKExample/Pods-BringgDriverSDKExample-frameworks-${CONFIGURATION}-input-files.xcfilelist",
			);
			name = "[CP] Embed Pods Frameworks";
			outputFileListPaths = (
				"${PODS_ROOT}/Target Support Files/Pods-BringgDriverSDKExample/Pods-BringgDriverSDKExample-frameworks-${CONFIGURATION}-output-files.xcfilelist",
			);
			runOnlyForDeploymentPostprocessing = 0;
			shellPath = /bin/sh;
			shellScript = "\"${PODS_ROOT}/Target Support Files/Pods-BringgDriverSDKExample/Pods-BringgDriverSDKExample-frameworks.sh\"\n";
			showEnvVarsInLog = 0;
		};
/* End PBXShellScriptBuildPhase section */

/* Begin PBXSourcesBuildPhase section */
		399B70A42DBFDD3BB7A4E3B9 /* Sources */ = {
			isa = PBXSourcesBuildPhase;
			buildActionMask = 2147483647;
			files = (
				4EA3DB446380C21648C3D16C /* AppDelegate.swift in Sources */,
				D5424EBE54D73FEF4D77F441 /* InventoryViewController.swift in Sources */,
				9B827E239E729C44BEF79448 /* Logger.swift in Sources */,
				AAC8577A4D7D8D60B3C68A74 /* LoginManagerObjcUsageExamples.m in Sources */,
				EB913494B426CD075458E5FE /* MainTabViewController.swift in Sources */,
				F7DBC65DC1E6C32B2D7C6139 /* NotLoggedInView.swift in Sources */,
				454FB4F5C569D2855FF44DA6 /* ProfileViewController.swift in Sources */,
				1869355CA80E13DA9C28A79F /* ShiftViewController.swift in Sources */,
				6A488C6856B5BEA46263327E /* TaskListViewController.swift in Sources */,
				4F4D319DF1AF735EE2DA2883 /* TaskViewController.swift in Sources */,
				CD0F4AC49F6E82D74AF6E371 /* UIViewController+Utils.swift in Sources */,
				1A2BC14CEF97570E6525EE18 /* WaypointPageCell.swift in Sources */,
			);
			runOnlyForDeploymentPostprocessing = 0;
		};
/* End PBXSourcesBuildPhase section */

/* Begin PBXVariantGroup section */
		BC1787D7CBDC6AF6443DA045 /* LaunchScreen.xib */ = {
			isa = PBXVariantGroup;
			children = (
				D6C8430292E2ABD50499C781 /* Base */,
			);
			name = LaunchScreen.xib;
			sourceTree = "<group>";
		};
/* End PBXVariantGroup section */

/* Begin XCBuildConfiguration section */
		40B054835F56915DC99CA00D /* Debug */ = {
			isa = XCBuildConfiguration;
			buildSettings = {
				ALWAYS_SEARCH_USER_PATHS = NO;
				CLANG_ANALYZER_NONNULL = YES;
				CLANG_ANALYZER_NUMBER_OBJECT_CONVERSION = YES_AGGRESSIVE;
				CLANG_CXX_LANGUAGE_STANDARD = "gnu++14";
				CLANG_CXX_LIBRARY = "libc++";
				CLANG_ENABLE_MODULES = YES;
				CLANG_ENABLE_OBJC_ARC = YES;
				CLANG_WARN_BLOCK_CAPTURE_AUTORELEASING = YES;
				CLANG_WARN_BOOL_CONVERSION = YES;
				CLANG_WARN_COMMA = YES;
				CLANG_WARN_CONSTANT_CONVERSION = YES;
				CLANG_WARN_DEPRECATED_OBJC_IMPLEMENTATIONS = YES;
				CLANG_WARN_DIRECT_OBJC_ISA_USAGE = YES_ERROR;
				CLANG_WARN_DOCUMENTATION_COMMENTS = YES;
				CLANG_WARN_EMPTY_BODY = YES;
				CLANG_WARN_ENUM_CONVERSION = YES;
				CLANG_WARN_INFINITE_RECURSION = YES;
				CLANG_WARN_INT_CONVERSION = YES;
				CLANG_WARN_NON_LITERAL_NULL_CONVERSION = YES;
				CLANG_WARN_OBJC_IMPLICIT_RETAIN_SELF = YES;
				CLANG_WARN_OBJC_LITERAL_CONVERSION = YES;
				CLANG_WARN_OBJC_ROOT_CLASS = YES_ERROR;
				CLANG_WARN_RANGE_LOOP_ANALYSIS = YES;
				CLANG_WARN_STRICT_PROTOTYPES = YES;
				CLANG_WARN_SUSPICIOUS_MOVE = YES;
				CLANG_WARN_UNGUARDED_AVAILABILITY = YES_AGGRESSIVE;
				CLANG_WARN_UNREACHABLE_CODE = YES;
				CLANG_WARN__DUPLICATE_METHOD_MATCH = YES;
				COPY_PHASE_STRIP = NO;
				DEBUG_INFORMATION_FORMAT = dwarf;
				ENABLE_STRICT_OBJC_MSGSEND = YES;
				ENABLE_TESTABILITY = YES;
				GCC_C_LANGUAGE_STANDARD = gnu11;
				GCC_DYNAMIC_NO_PIC = NO;
				GCC_NO_COMMON_BLOCKS = YES;
				GCC_OPTIMIZATION_LEVEL = 0;
				GCC_PREPROCESSOR_DEFINITIONS = (
					"$(inherited)",
					"DEBUG=1",
				);
				GCC_WARN_64_TO_32_BIT_CONVERSION = YES;
				GCC_WARN_ABOUT_RETURN_TYPE = YES_ERROR;
				GCC_WARN_UNDECLARED_SELECTOR = YES;
				GCC_WARN_UNINITIALIZED_AUTOS = YES_AGGRESSIVE;
				GCC_WARN_UNUSED_FUNCTION = YES;
				GCC_WARN_UNUSED_VARIABLE = YES;
				MTL_ENABLE_DEBUG_INFO = YES;
				ONLY_ACTIVE_ARCH = YES;
				PRODUCT_NAME = "$(TARGET_NAME)";
				SDKROOT = iphoneos;
				SWIFT_ACTIVE_COMPILATION_CONDITIONS = DEBUG;
				SWIFT_OPTIMIZATION_LEVEL = "-Onone";
				SWIFT_VERSION = 5.0;
			};
			name = Debug;
		};
		B7B9A3B7EBCC73ED853FF810 /* Debug */ = {
			isa = XCBuildConfiguration;
			baseConfigurationReference = 25C9134D5CAF9F6B6A11D1F4 /* Pods-BringgDriverSDKExample.debug.xcconfig */;
			buildSettings = {
				ASSETCATALOG_COMPILER_APPICON_NAME = AppIcon;
				CODE_SIGN_IDENTITY = "iPhone Developer";
				INFOPLIST_FILE = "Sources/Supporting Files/Info.plist";
				IPHONEOS_DEPLOYMENT_TARGET = 11.0;
				LD_RUNPATH_SEARCH_PATHS = (
					"$(inherited)",
					"@executable_path/Frameworks",
				);
				PRODUCT_BUNDLE_IDENTIFIER = com.bringg.driverSDK.example;
				SDKROOT = iphoneos;
				TARGETED_DEVICE_FAMILY = "1,2";
			};
			name = Debug;
		};
		C4E6F205BFBCCD55A05C9B8E /* Release */ = {
			isa = XCBuildConfiguration;
			baseConfigurationReference = 8F9112D8FAB785287CD8A134 /* Pods-BringgDriverSDKExample.release.xcconfig */;
			buildSettings = {
				ASSETCATALOG_COMPILER_APPICON_NAME = AppIcon;
				CODE_SIGN_IDENTITY = "iPhone Developer";
				INFOPLIST_FILE = "Sources/Supporting Files/Info.plist";
				IPHONEOS_DEPLOYMENT_TARGET = 11.0;
				LD_RUNPATH_SEARCH_PATHS = (
					"$(inherited)",
					"@executable_path/Frameworks",
				);
				PRODUCT_BUNDLE_IDENTIFIER = com.bringg.driverSDK.example;
				SDKROOT = iphoneos;
				TARGETED_DEVICE_FAMILY = "1,2";
			};
			name = Release;
		};
		F204CB5037198C3FED5C0B83 /* Release */ = {
			isa = XCBuildConfiguration;
			buildSettings = {
				ALWAYS_SEARCH_USER_PATHS = NO;
				CLANG_ANALYZER_NONNULL = YES;
				CLANG_ANALYZER_NUMBER_OBJECT_CONVERSION = YES_AGGRESSIVE;
				CLANG_CXX_LANGUAGE_STANDARD = "gnu++14";
				CLANG_CXX_LIBRARY = "libc++";
				CLANG_ENABLE_MODULES = YES;
				CLANG_ENABLE_OBJC_ARC = YES;
				CLANG_WARN_BLOCK_CAPTURE_AUTORELEASING = YES;
				CLANG_WARN_BOOL_CONVERSION = YES;
				CLANG_WARN_COMMA = YES;
				CLANG_WARN_CONSTANT_CONVERSION = YES;
				CLANG_WARN_DEPRECATED_OBJC_IMPLEMENTATIONS = YES;
				CLANG_WARN_DIRECT_OBJC_ISA_USAGE = YES_ERROR;
				CLANG_WARN_DOCUMENTATION_COMMENTS = YES;
				CLANG_WARN_EMPTY_BODY = YES;
				CLANG_WARN_ENUM_CONVERSION = YES;
				CLANG_WARN_INFINITE_RECURSION = YES;
				CLANG_WARN_INT_CONVERSION = YES;
				CLANG_WARN_NON_LITERAL_NULL_CONVERSION = YES;
				CLANG_WARN_OBJC_IMPLICIT_RETAIN_SELF = YES;
				CLANG_WARN_OBJC_LITERAL_CONVERSION = YES;
				CLANG_WARN_OBJC_ROOT_CLASS = YES_ERROR;
				CLANG_WARN_RANGE_LOOP_ANALYSIS = YES;
				CLANG_WARN_STRICT_PROTOTYPES = YES;
				CLANG_WARN_SUSPICIOUS_MOVE = YES;
				CLANG_WARN_UNGUARDED_AVAILABILITY = YES_AGGRESSIVE;
				CLANG_WARN_UNREACHABLE_CODE = YES;
				CLANG_WARN__DUPLICATE_METHOD_MATCH = YES;
				COPY_PHASE_STRIP = NO;
				DEBUG_INFORMATION_FORMAT = "dwarf-with-dsym";
				ENABLE_NS_ASSERTIONS = NO;
				ENABLE_STRICT_OBJC_MSGSEND = YES;
				GCC_C_LANGUAGE_STANDARD = gnu11;
				GCC_NO_COMMON_BLOCKS = YES;
				GCC_WARN_64_TO_32_BIT_CONVERSION = YES;
				GCC_WARN_ABOUT_RETURN_TYPE = YES_ERROR;
				GCC_WARN_UNDECLARED_SELECTOR = YES;
				GCC_WARN_UNINITIALIZED_AUTOS = YES_AGGRESSIVE;
				GCC_WARN_UNUSED_FUNCTION = YES;
				GCC_WARN_UNUSED_VARIABLE = YES;
				PRODUCT_NAME = "$(TARGET_NAME)";
				SDKROOT = iphoneos;
				SWIFT_COMPILATION_MODE = wholemodule;
				SWIFT_VERSION = 5.0;
				VALIDATE_PRODUCT = YES;
			};
			name = Release;
		};
/* End XCBuildConfiguration section */

/* Begin XCConfigurationList section */
		4744C0CE36061F9A8F229B9F /* Build configuration list for PBXNativeTarget "BringgDriverSDKExample" */ = {
			isa = XCConfigurationList;
			buildConfigurations = (
				B7B9A3B7EBCC73ED853FF810 /* Debug */,
				C4E6F205BFBCCD55A05C9B8E /* Release */,
			);
			defaultConfigurationIsVisible = 0;
			defaultConfigurationName = Debug;
		};
		F07EE4873113577490EBDA13 /* Build configuration list for PBXProject "BringgDriverSDK" */ = {
			isa = XCConfigurationList;
			buildConfigurations = (
				40B054835F56915DC99CA00D /* Debug */,
				F204CB5037198C3FED5C0B83 /* Release */,
			);
			defaultConfigurationIsVisible = 0;
			defaultConfigurationName = Debug;
		};
/* End XCConfigurationList section */
	};
	rootObject = ED971CF814F87D37B4A9C552 /* Project object */;
}
