PODS:
  - Alamofire (4.9.0)
  - BringgDriverSDK (1.10.1):
    - Alamofire (= 4.9.0)
    - CryptoSwift (= 1.0.0)
    - DeviceKit (= 3.2.0)
    - GzipSwift (= 5.0.0)
    - KeychainAccess (= 3.2.0)
    - Kingfisher (= 5.7.1)
    - libPhoneNumber-iOS (= 0.9.15)
    - ObjcExceptionBridging (= 1.0.1)
    - RealmSwift (= 4.4.1)
    - Socket.IO-Client-Swift (= 15.1.0)
    - Starscream (= 3.1.0)
    - XCGLogger (= 7.0.0)
  - CocoaLumberjack/Core (3.6.0)
  - CocoaLumberjack/Swift (3.6.0):
    - CocoaLumberjack/Core
  - CryptoSwift (1.0.0)
  - DeviceKit (3.2.0)
  - GzipSwift (5.0.0)
  - KeychainAccess (3.2.0)
  - Kingfisher (5.7.1)
  - libPhoneNumber-iOS (0.9.15)
  - ObjcExceptionBridging (1.0.1):
    - ObjcExceptionBridging/ObjcExceptionBridging (= 1.0.1)
  - ObjcExceptionBridging/ObjcExceptionBridging (1.0.1)
  - Realm (4.4.1):
    - Realm/Headers (= 4.4.1)
  - Realm/Headers (4.4.1)
  - RealmSwift (4.4.1):
    - Realm (= 4.4.1)
  - SnapKit (5.0.1)
  - Socket.IO-Client-Swift (15.1.0):
    - Starscream (~> 3.1)
  - Starscream (3.1.0)
  - XCGLogger (7.0.0):
    - XCGLogger/Core (= 7.0.0)
  - XCGLogger/Core (7.0.0):
    - ObjcExceptionBridging

DEPENDENCIES:
  - BringgDriverSDK (from `../`)
  - CocoaLumberjack/Swift (= 3.6.0)
  - SnapKit

SPEC REPOS:
  trunk:
    - Alamofire
    - CocoaLumberjack
    - CryptoSwift
    - DeviceKit
    - GzipSwift
    - KeychainAccess
    - Kingfisher
    - libPhoneNumber-iOS
    - ObjcExceptionBridging
    - Realm
    - RealmSwift
    - SnapKit
    - Socket.IO-Client-Swift
    - Starscream
    - XCGLogger

EXTERNAL SOURCES:
  BringgDriverSDK:
    :path: "../"

SPEC CHECKSUMS:
  Alamofire: afc3e7c6db61476cb45cdd23fed06bad03bbc321
  BringgDriverSDK: a23ce0e8723ee393c659988a141d08e96d4ee21d
  CocoaLumberjack: 78b0c238666f4f58db069738ec176f4519557516
  CryptoSwift: d81eeaa59dc5a8d03720fe919a6fd07b51f7439f
  DeviceKit: d081659419cce07c0b5239dbc9fb39ed7413c7fe
  GzipSwift: 5592f4d62b641e04d06443ba471f8ed76b1363e4
  KeychainAccess: 3b1bf8a77eb4c6ea1ce9404c292e48f948954c6b
  Kingfisher: 176d377ad339113c99ad4980cbae687f807e20fe
  libPhoneNumber-iOS: 0a32a9525cf8744fe02c5206eb30d571e38f7d75
  ObjcExceptionBridging: c30e00eb3700467e695faeea30e26e18bd445001
  Realm: 4eb04d7487bd43c0581256f40b424eafb711deff
  RealmSwift: 3eb8924ff7100df5928c7602f71d0fec51e7c9c5
  SnapKit: 97b92857e3df3a0c71833cce143274bf6ef8e5eb
  Socket.IO-Client-Swift: 7cb44c0ffb86e158cee32d0642d30ec5fdcf8f61
  Starscream: 08172b481e145289c4930cb567230fb55897cfa4
  XCGLogger: 0434f15e3909cdc450bb63faf638b8792ab782ab

PODFILE CHECKSUM: 01e1fad563e9c266b47162e6c6dee20fd8ddf03c

COCOAPODS: 1.9.1
